
Microsoft Visual Studio Solution File, Format Version 12.00
# Visual Studio Version 17
VisualStudioVersion = 17.9.34616.47
MinimumVisualStudioVersion = 10.0.40219.1
Project("{9A19103F-16F7-4668-BE54-9A1E7A4F7556}") = "Hranoteka", "Hranoteka\Hranoteka.csproj", "{F19FF57D-30CC-4200-827B-F874B83BE202}"
EndProject
Project("{FAE04EC0-301F-11D3-BF4B-00C04F79EFBC}") = "Hranoteka.Tests", "Hranoteka.Tests\Hranoteka.Tests.csproj", "{2B98A453-C470-4AA9-86C9-6516E1E76F83}"
EndProject
Global
	GlobalSection(SolutionConfigurationPlatforms) = preSolution
		Debug|Any CPU = Debug|Any CPU
		Release|Any CPU = Release|Any CPU
	EndGlobalSection
	GlobalSection(ProjectConfigurationPlatforms) = postSolution
		{F19FF57D-30CC-4200-827B-F874B83BE202}.Debug|Any CPU.ActiveCfg = Debug|Any CPU
		{F19FF57D-30CC-4200-827B-F874B83BE202}.Debug|Any CPU.Build.0 = Debug|Any CPU
		{F19FF57D-30CC-4200-827B-F874B83BE202}.Release|Any CPU.ActiveCfg = Release|Any CPU
		{F19FF57D-30CC-4200-827B-F874B83BE202}.Release|Any CPU.Build.0 = Release|Any CPU
		{2B98A453-C470-4AA9-86C9-6516E1E76F83}.Debug|Any CPU.ActiveCfg = Debug|Any CPU
		{2B98A453-C470-4AA9-86C9-6516E1E76F83}.Debug|Any CPU.Build.0 = Debug|Any CPU
		{2B98A453-C470-4AA9-86C9-6516E1E76F83}.Release|Any CPU.ActiveCfg = Release|Any CPU
		{2B98A453-C470-4AA9-86C9-6516E1E76F83}.Release|Any CPU.Build.0 = Release|Any CPU
	EndGlobalSection
	GlobalSection(SolutionProperties) = preSolution
		HideSolutionNode = FALSE
	EndGlobalSection
	GlobalSection(ExtensibilityGlobals) = postSolution
		SolutionGuid = {799607FE-1359-4583-BBD0-8FE43154FD6F}
	EndGlobalSection
EndGlobal
